
Microsoft Visual Studio Solution File, Format Version 12.00
# Visual Studio Version 16
VisualStudioVersion = 16.0.28803.352
MinimumVisualStudioVersion = 10.0.40219.1
Project("{2150E333-8FDC-42A3-9474-1A3956D46DE8}") = "ProductManagement.Data", "ProductManagement.Data", "{3C3CDEFE-FCFB-44A9-9667-B181C2E2E01A}"
EndProject
Project("{2150E333-8FDC-42A3-9474-1A3956D46DE8}") = "ProductManagement.Domain", "ProductManagement.Domain", "{06BC28F8-D1A7-4782-8ED5-FD729B82871C}"
EndProject
Project("{FAE04EC0-301F-11D3-BF4B-00C04F79EFBC}") = "ProductManagement.Data", "ProductManagement.Data\ProductManagement.Data.csproj", "{2A64CBA7-27E8-48BB-A7EC-58BFB13B75F1}"
EndProject
Project("{FAE04EC0-301F-11D3-BF4B-00C04F79EFBC}") = "ProductManagement.EntityFramework.Test", "ProductManagement.EntityFramework.Test\ProductManagement.EntityFramework.Test.csproj", "{5D69BE80-1AEE-4807-9672-42F15940464F}"
EndProject
Project("{FAE04EC0-301F-11D3-BF4B-00C04F79EFBC}") = "ProductManagement.EntityFramework", "ProductManagement.EntityFramework\ProductManagement.EntityFramework.csproj", "{7440E22A-C756-43B5-BB83-227007D9890C}"
EndProject
Project("{FAE04EC0-301F-11D3-BF4B-00C04F79EFBC}") = "ProductManagement.Domain", "ProductManagement.Domain\ProductManagement.Domain.csproj", "{10D62528-AE5B-46A4-9F71-7C714147F392}"
EndProject
Project("{FAE04EC0-301F-11D3-BF4B-00C04F79EFBC}") = "ProductManagement.Domain.Service", "ProductManagement.Domain.Service\ProductManagement.Domain.Service.csproj", "{23B5F29E-7880-4E76-A0C5-30CF3A5B3331}"
EndProject
Project("{9A19103F-16F7-4668-BE54-9A1E7A4F7556}") = "ProductManagement.Domain.Service.Test", "ProductManagement.Domain.Service.Test\ProductManagement.Domain.Service.Test.csproj", "{8D0D3FF3-09A2-449E-8AEA-06E3732918F1}"
EndProject
Project("{FAE04EC0-301F-11D3-BF4B-00C04F79EFBC}") = "ProductManagement.Api", "ProductManagement.Api\ProductManagement.Api.csproj", "{561E22E5-D0F5-46CF-9F1C-877B7D65F58F}"
EndProject
Global
	GlobalSection(SolutionConfigurationPlatforms) = preSolution
		Debug|Any CPU = Debug|Any CPU
		Release|Any CPU = Release|Any CPU
	EndGlobalSection
	GlobalSection(ProjectConfigurationPlatforms) = postSolution
		{2A64CBA7-27E8-48BB-A7EC-58BFB13B75F1}.Debug|Any CPU.ActiveCfg = Debug|Any CPU
		{2A64CBA7-27E8-48BB-A7EC-58BFB13B75F1}.Debug|Any CPU.Build.0 = Debug|Any CPU
		{2A64CBA7-27E8-48BB-A7EC-58BFB13B75F1}.Release|Any CPU.ActiveCfg = Release|Any CPU
		{2A64CBA7-27E8-48BB-A7EC-58BFB13B75F1}.Release|Any CPU.Build.0 = Release|Any CPU
		{5D69BE80-1AEE-4807-9672-42F15940464F}.Debug|Any CPU.ActiveCfg = Debug|Any CPU
		{5D69BE80-1AEE-4807-9672-42F15940464F}.Debug|Any CPU.Build.0 = Debug|Any CPU
		{5D69BE80-1AEE-4807-9672-42F15940464F}.Release|Any CPU.ActiveCfg = Release|Any CPU
		{5D69BE80-1AEE-4807-9672-42F15940464F}.Release|Any CPU.Build.0 = Release|Any CPU
		{7440E22A-C756-43B5-BB83-227007D9890C}.Debug|Any CPU.ActiveCfg = Debug|Any CPU
		{7440E22A-C756-43B5-BB83-227007D9890C}.Debug|Any CPU.Build.0 = Debug|Any CPU
		{7440E22A-C756-43B5-BB83-227007D9890C}.Release|Any CPU.ActiveCfg = Release|Any CPU
		{7440E22A-C756-43B5-BB83-227007D9890C}.Release|Any CPU.Build.0 = Release|Any CPU
		{10D62528-AE5B-46A4-9F71-7C714147F392}.Debug|Any CPU.ActiveCfg = Debug|Any CPU
		{10D62528-AE5B-46A4-9F71-7C714147F392}.Debug|Any CPU.Build.0 = Debug|Any CPU
		{10D62528-AE5B-46A4-9F71-7C714147F392}.Release|Any CPU.ActiveCfg = Release|Any CPU
		{10D62528-AE5B-46A4-9F71-7C714147F392}.Release|Any CPU.Build.0 = Release|Any CPU
		{23B5F29E-7880-4E76-A0C5-30CF3A5B3331}.Debug|Any CPU.ActiveCfg = Debug|Any CPU
		{23B5F29E-7880-4E76-A0C5-30CF3A5B3331}.Debug|Any CPU.Build.0 = Debug|Any CPU
		{23B5F29E-7880-4E76-A0C5-30CF3A5B3331}.Release|Any CPU.ActiveCfg = Release|Any CPU
		{23B5F29E-7880-4E76-A0C5-30CF3A5B3331}.Release|Any CPU.Build.0 = Release|Any CPU
		{8D0D3FF3-09A2-449E-8AEA-06E3732918F1}.Debug|Any CPU.ActiveCfg = Debug|Any CPU
		{8D0D3FF3-09A2-449E-8AEA-06E3732918F1}.Debug|Any CPU.Build.0 = Debug|Any CPU
		{8D0D3FF3-09A2-449E-8AEA-06E3732918F1}.Release|Any CPU.ActiveCfg = Release|Any CPU
		{8D0D3FF3-09A2-449E-8AEA-06E3732918F1}.Release|Any CPU.Build.0 = Release|Any CPU
		{561E22E5-D0F5-46CF-9F1C-877B7D65F58F}.Debug|Any CPU.ActiveCfg = Debug|Any CPU
		{561E22E5-D0F5-46CF-9F1C-877B7D65F58F}.Debug|Any CPU.Build.0 = Debug|Any CPU
		{561E22E5-D0F5-46CF-9F1C-877B7D65F58F}.Release|Any CPU.ActiveCfg = Release|Any CPU
		{561E22E5-D0F5-46CF-9F1C-877B7D65F58F}.Release|Any CPU.Build.0 = Release|Any CPU
	EndGlobalSection
	GlobalSection(SolutionProperties) = preSolution
		HideSolutionNode = FALSE
	EndGlobalSection
	GlobalSection(NestedProjects) = preSolution
		{2A64CBA7-27E8-48BB-A7EC-58BFB13B75F1} = {3C3CDEFE-FCFB-44A9-9667-B181C2E2E01A}
		{5D69BE80-1AEE-4807-9672-42F15940464F} = {3C3CDEFE-FCFB-44A9-9667-B181C2E2E01A}
		{7440E22A-C756-43B5-BB83-227007D9890C} = {3C3CDEFE-FCFB-44A9-9667-B181C2E2E01A}
		{10D62528-AE5B-46A4-9F71-7C714147F392} = {06BC28F8-D1A7-4782-8ED5-FD729B82871C}
		{23B5F29E-7880-4E76-A0C5-30CF3A5B3331} = {06BC28F8-D1A7-4782-8ED5-FD729B82871C}
		{8D0D3FF3-09A2-449E-8AEA-06E3732918F1} = {06BC28F8-D1A7-4782-8ED5-FD729B82871C}
	EndGlobalSection
	GlobalSection(ExtensibilityGlobals) = postSolution
		SolutionGuid = {D2DD56E5-CA90-4383-ADD6-4DFE033DF043}
	EndGlobalSection
EndGlobal
